
Microsoft Visual Studio Solution File, Format Version 12.00
# Visual Studio 15
VisualStudioVersion = 15.0.28307.438
MinimumVisualStudioVersion = 10.0.40219.1
Project("{FAE04EC0-301F-11D3-BF4B-00C04F79EFBC}") = "ConsoleApp.Client", "ConsoleApp.Client\ConsoleApp.Client.csproj", "{CB1E905B-B108-4DB1-B99A-35F8DB8A53E7}"
EndProject
Project("{FAE04EC0-301F-11D3-BF4B-00C04F79EFBC}") = "ConsoleApp.Domain", "ConsoleApp.Domain\ConsoleApp.Domain.csproj", "{FCB41F67-EB45-4F4A-BF19-B53A9549639A}"
EndProject
Global
	GlobalSection(SolutionConfigurationPlatforms) = preSolution
		Debug|Any CPU = Debug|Any CPU
		Release|Any CPU = Release|Any CPU
	EndGlobalSection
	GlobalSection(ProjectConfigurationPlatforms) = postSolution
		{CB1E905B-B108-4DB1-B99A-35F8DB8A53E7}.Debug|Any CPU.ActiveCfg = Debug|Any CPU
		{CB1E905B-B108-4DB1-B99A-35F8DB8A53E7}.Debug|Any CPU.Build.0 = Debug|Any CPU
		{CB1E905B-B108-4DB1-B99A-35F8DB8A53E7}.Release|Any CPU.ActiveCfg = Release|Any CPU
		{CB1E905B-B108-4DB1-B99A-35F8DB8A53E7}.Release|Any CPU.Build.0 = Release|Any CPU
		{FCB41F67-EB45-4F4A-BF19-B53A9549639A}.Debug|Any CPU.ActiveCfg = Debug|Any CPU
		{FCB41F67-EB45-4F4A-BF19-B53A9549639A}.Debug|Any CPU.Build.0 = Debug|Any CPU
		{FCB41F67-EB45-4F4A-BF19-B53A9549639A}.Release|Any CPU.ActiveCfg = Release|Any CPU
		{FCB41F67-EB45-4F4A-BF19-B53A9549639A}.Release|Any CPU.Build.0 = Release|Any CPU
	EndGlobalSection
	GlobalSection(SolutionProperties) = preSolution
		HideSolutionNode = FALSE
	EndGlobalSection
	GlobalSection(ExtensibilityGlobals) = postSolution
		SolutionGuid = {43FF612B-9E1E-4DE8-A7B8-CCD9A97010FA}
	EndGlobalSection
EndGlobal
